
Microsoft Visual Studio Solution File, Format Version 12.00
# Visual Studio Version 17
VisualStudioVersion = 17.0.32126.317
MinimumVisualStudioVersion = 10.0.40219.1
Project("{FAE04EC0-301F-11D3-BF4B-00C04F79EFBC}") = "LB1", "LB1\LB1.csproj", "{9A1614CB-780B-4AEB-AB50-29A6456646DA}"
EndProject
Global
	GlobalSection(SolutionConfigurationPlatforms) = preSolution
		Debug|Any CPU = Debug|Any CPU
		Release|Any CPU = Release|Any CPU
	EndGlobalSection
	GlobalSection(ProjectConfigurationPlatforms) = postSolution
		{9A1614CB-780B-4AEB-AB50-29A6456646DA}.Debug|Any CPU.ActiveCfg = Debug|Any CPU
		{9A1614CB-780B-4AEB-AB50-29A6456646DA}.Debug|Any CPU.Build.0 = Debug|Any CPU
		{9A1614CB-780B-4AEB-AB50-29A6456646DA}.Release|Any CPU.ActiveCfg = Release|Any CPU
		{9A1614CB-780B-4AEB-AB50-29A6456646DA}.Release|Any CPU.Build.0 = Release|Any CPU
	EndGlobalSection
	GlobalSection(SolutionProperties) = preSolution
		HideSolutionNode = FALSE
	EndGlobalSection
	GlobalSection(ExtensibilityGlobals) = postSolution
		SolutionGuid = {D5D1E72F-99F7-4341-96BA-F6A342EBB591}
	EndGlobalSection
EndGlobal
